
Microsoft Visual Studio Solution File, Format Version 12.00
# Visual Studio Version 16
VisualStudioVersion = 16.0.29613.14
MinimumVisualStudioVersion = 10.0.40219.1
Project("{FAE04EC0-301F-11D3-BF4B-00C04F79EFBC}") = "SATTSInventory", "SATTSInventory\SATTSInventory.csproj", "{8215E10A-D3FC-44CD-92C9-0F279D21EF47}"
EndProject
Project("{FAE04EC0-301F-11D3-BF4B-00C04F79EFBC}") = "SATTSInventory.Tests", "SATTSInventory.Tests\SATTSInventory.Tests.csproj", "{B3054CF6-5B81-400B-AA72-3D12F8466BAE}"
EndProject
Global
	GlobalSection(SolutionConfigurationPlatforms) = preSolution
		Debug|Any CPU = Debug|Any CPU
		Release|Any CPU = Release|Any CPU
	EndGlobalSection
	GlobalSection(ProjectConfigurationPlatforms) = postSolution
		{8215E10A-D3FC-44CD-92C9-0F279D21EF47}.Debug|Any CPU.ActiveCfg = Debug|Any CPU
		{8215E10A-D3FC-44CD-92C9-0F279D21EF47}.Debug|Any CPU.Build.0 = Debug|Any CPU
		{8215E10A-D3FC-44CD-92C9-0F279D21EF47}.Release|Any CPU.ActiveCfg = Release|Any CPU
		{8215E10A-D3FC-44CD-92C9-0F279D21EF47}.Release|Any CPU.Build.0 = Release|Any CPU
		{B3054CF6-5B81-400B-AA72-3D12F8466BAE}.Debug|Any CPU.ActiveCfg = Debug|Any CPU
		{B3054CF6-5B81-400B-AA72-3D12F8466BAE}.Debug|Any CPU.Build.0 = Debug|Any CPU
		{B3054CF6-5B81-400B-AA72-3D12F8466BAE}.Release|Any CPU.ActiveCfg = Release|Any CPU
		{B3054CF6-5B81-400B-AA72-3D12F8466BAE}.Release|Any CPU.Build.0 = Release|Any CPU
	EndGlobalSection
	GlobalSection(SolutionProperties) = preSolution
		HideSolutionNode = FALSE
	EndGlobalSection
	GlobalSection(ExtensibilityGlobals) = postSolution
		SolutionGuid = {3DE481A6-C0D8-4F14-8957-8569CB6E3F87}
	EndGlobalSection
EndGlobal
